// !$*UTF8*$!
{
	archiveVersion = 1;
	classes = {
	};
	objectVersion = 50;
	objects = {

/* Begin PBXBuildFile section */
		A91DE4662417DF1600FDCF3F /* AppDelegate.swift in Sources */ = {isa = PBXBuildFile; fileRef = A91DE4652417DF1600FDCF3F /* AppDelegate.swift */; };
		A91DE4682417DF1600FDCF3F /* SceneDelegate.swift in Sources */ = {isa = PBXBuildFile; fileRef = A91DE4672417DF1600FDCF3F /* SceneDelegate.swift */; };
		A91DE46A2417DF1600FDCF3F /* ViewController.swift in Sources */ = {isa = PBXBuildFile; fileRef = A91DE4692417DF1600FDCF3F /* ViewController.swift */; };
		A91DE46D2417DF1600FDCF3F /* Main.storyboard in Resources */ = {isa = PBXBuildFile; fileRef = A91DE46B2417DF1600FDCF3F /* Main.storyboard */; };
		A91DE46F2417DF1800FDCF3F /* Assets.xcassets in Resources */ = {isa = PBXBuildFile; fileRef = A91DE46E2417DF1800FDCF3F /* Assets.xcassets */; };
		A91DE4722417DF1800FDCF3F /* LaunchScreen.storyboard in Resources */ = {isa = PBXBuildFile; fileRef = A91DE4702417DF1800FDCF3F /* LaunchScreen.storyboard */; };
		A91DE47D2417DF1800FDCF3F /* Actividad9iOSTests.swift in Sources */ = {isa = PBXBuildFile; fileRef = A91DE47C2417DF1800FDCF3F /* Actividad9iOSTests.swift */; };
		A91DE4882417DF1800FDCF3F /* Actividad9iOSUITests.swift in Sources */ = {isa = PBXBuildFile; fileRef = A91DE4872417DF1800FDCF3F /* Actividad9iOSUITests.swift */; };
/* End PBXBuildFile section */

/* Begin PBXContainerItemProxy section */
		A91DE4792417DF1800FDCF3F /* PBXContainerItemProxy */ = {
			isa = PBXContainerItemProxy;
			containerPortal = A91DE45A2417DF1600FDCF3F /* Project object */;
			proxyType = 1;
			remoteGlobalIDString = A91DE4612417DF1600FDCF3F;
			remoteInfo = Actividad9iOS;
		};
		A91DE4842417DF1800FDCF3F /* PBXContainerItemProxy */ = {
			isa = PBXContainerItemProxy;
			containerPortal = A91DE45A2417DF1600FDCF3F /* Project object */;
			proxyType = 1;
			remoteGlobalIDString = A91DE4612417DF1600FDCF3F;
			remoteInfo = Actividad9iOS;
		};
/* End PBXContainerItemProxy section */

/* Begin PBXFileReference section */
		A91DE4622417DF1600FDCF3F /* Actividad9iOS.app */ = {isa = PBXFileReference; explicitFileType = wrapper.application; includeInIndex = 0; path = Actividad9iOS.app; sourceTree = BUILT_PRODUCTS_DIR; };
		A91DE4652417DF1600FDCF3F /* AppDelegate.swift */ = {isa = PBXFileReference; lastKnownFileType = sourcecode.swift; path = AppDelegate.swift; sourceTree = "<group>"; };
		A91DE4672417DF1600FDCF3F /* SceneDelegate.swift */ = {isa = PBXFileReference; lastKnownFileType = sourcecode.swift; path = SceneDelegate.swift; sourceTree = "<group>"; };
		A91DE4692417DF1600FDCF3F /* ViewController.swift */ = {isa = PBXFileReference; lastKnownFileType = sourcecode.swift; path = ViewController.swift; sourceTree = "<group>"; };
		A91DE46C2417DF1600FDCF3F /* Base */ = {isa = PBXFileReference; lastKnownFileType = file.storyboard; name = Base; path = Base.lproj/Main.storyboard; sourceTree = "<group>"; };
		A91DE46E2417DF1800FDCF3F /* Assets.xcassets */ = {isa = PBXFileReference; lastKnownFileType = folder.assetcatalog; path = Assets.xcassets; sourceTree = "<group>"; };
		A91DE4712417DF1800FDCF3F /* Base */ = {isa = PBXFileReference; lastKnownFileType = file.storyboard; name = Base; path = Base.lproj/LaunchScreen.storyboard; sourceTree = "<group>"; };
		A91DE4732417DF1800FDCF3F /* Info.plist */ = {isa = PBXFileReference; lastKnownFileType = text.plist.xml; path = Info.plist; sourceTree = "<group>"; };
		A91DE4782417DF1800FDCF3F /* Actividad9iOSTests.xctest */ = {isa = PBXFileReference; explicitFileType = wrapper.cfbundle; includeInIndex = 0; path = Actividad9iOSTests.xctest; sourceTree = BUILT_PRODUCTS_DIR; };
		A91DE47C2417DF1800FDCF3F /* Actividad9iOSTests.swift */ = {isa = PBXFileReference; lastKnownFileType = sourcecode.swift; path = Actividad9iOSTests.swift; sourceTree = "<group>"; };
		A91DE47E2417DF1800FDCF3F /* Info.plist */ = {isa = PBXFileReference; lastKnownFileType = text.plist.xml; path = Info.plist; sourceTree = "<group>"; };
		A91DE4832417DF1800FDCF3F /* Actividad9iOSUITests.xctest */ = {isa = PBXFileReference; explicitFileType = wrapper.cfbundle; includeInIndex = 0; path = Actividad9iOSUITests.xctest; sourceTree = BUILT_PRODUCTS_DIR; };
		A91DE4872417DF1800FDCF3F /* Actividad9iOSUITests.swift */ = {isa = PBXFileReference; lastKnownFileType = sourcecode.swift; path = Actividad9iOSUITests.swift; sourceTree = "<group>"; };
		A91DE4892417DF1800FDCF3F /* Info.plist */ = {isa = PBXFileReference; lastKnownFileType = text.plist.xml; path = Info.plist; sourceTree = "<group>"; };
/* End PBXFileReference section */

/* Begin PBXFrameworksBuildPhase section */
		A91DE45F2417DF1600FDCF3F /* Frameworks */ = {
			isa = PBXFrameworksBuildPhase;
			buildActionMask = 2147483647;
			files = (
			);
			runOnlyForDeploymentPostprocessing = 0;
		};
		A91DE4752417DF1800FDCF3F /* Frameworks */ = {
			isa = PBXFrameworksBuildPhase;
			buildActionMask = 2147483647;
			files = (
			);
			runOnlyForDeploymentPostprocessing = 0;
		};
		A91DE4802417DF1800FDCF3F /* Frameworks */ = {
			isa = PBXFrameworksBuildPhase;
			buildActionMask = 2147483647;
			files = (
			);
			runOnlyForDeploymentPostprocessing = 0;
		};
/* End PBXFrameworksBuildPhase section */

/* Begin PBXGroup section */
		A91DE4592417DF1600FDCF3F = {
			isa = PBXGroup;
			children = (
				A91DE4642417DF1600FDCF3F /* Actividad9iOS */,
				A91DE47B2417DF1800FDCF3F /* Actividad9iOSTests */,
				A91DE4862417DF1800FDCF3F /* Actividad9iOSUITests */,
				A91DE4632417DF1600FDCF3F /* Products */,
			);
			sourceTree = "<group>";
		};
		A91DE4632417DF1600FDCF3F /* Products */ = {
			isa = PBXGroup;
			children = (
				A91DE4622417DF1600FDCF3F /* Actividad9iOS.app */,
				A91DE4782417DF1800FDCF3F /* Actividad9iOSTests.xctest */,
				A91DE4832417DF1800FDCF3F /* Actividad9iOSUITests.xctest */,
			);
			name = Products;
			sourceTree = "<group>";
		};
		A91DE4642417DF1600FDCF3F /* Actividad9iOS */ = {
			isa = PBXGroup;
			children = (
				A91DE4652417DF1600FDCF3F /* AppDelegate.swift */,
				A91DE4672417DF1600FDCF3F /* SceneDelegate.swift */,
				A91DE4692417DF1600FDCF3F /* ViewController.swift */,
				A91DE46B2417DF1600FDCF3F /* Main.storyboard */,
				A91DE46E2417DF1800FDCF3F /* Assets.xcassets */,
				A91DE4702417DF1800FDCF3F /* LaunchScreen.storyboard */,
				A91DE4732417DF1800FDCF3F /* Info.plist */,
			);
			path = Actividad9iOS;
			sourceTree = "<group>";
		};
		A91DE47B2417DF1800FDCF3F /* Actividad9iOSTests */ = {
			isa = PBXGroup;
			children = (
				A91DE47C2417DF1800FDCF3F /* Actividad9iOSTests.swift */,
				A91DE47E2417DF1800FDCF3F /* Info.plist */,
			);
			path = Actividad9iOSTests;
			sourceTree = "<group>";
		};
		A91DE4862417DF1800FDCF3F /* Actividad9iOSUITests */ = {
			isa = PBXGroup;
			children = (
				A91DE4872417DF1800FDCF3F /* Actividad9iOSUITests.swift */,
				A91DE4892417DF1800FDCF3F /* Info.plist */,
			);
			path = Actividad9iOSUITests;
			sourceTree = "<group>";
		};
/* End PBXGroup section */

/* Begin PBXNativeTarget section */
		A91DE4612417DF1600FDCF3F /* Actividad9iOS */ = {
			isa = PBXNativeTarget;
			buildConfigurationList = A91DE48C2417DF1800FDCF3F /* Build configuration list for PBXNativeTarget "Actividad9iOS" */;
			buildPhases = (
				A91DE45E2417DF1600FDCF3F /* Sources */,
				A91DE45F2417DF1600FDCF3F /* Frameworks */,
				A91DE4602417DF1600FDCF3F /* Resources */,
			);
			buildRules = (
			);
			dependencies = (
			);
			name = Actividad9iOS;
			productName = Actividad9iOS;
			productReference = A91DE4622417DF1600FDCF3F /* Actividad9iOS.app */;
			productType = "com.apple.product-type.application";
		};
		A91DE4772417DF1800FDCF3F /* Actividad9iOSTests */ = {
			isa = PBXNativeTarget;
			buildConfigurationList = A91DE48F2417DF1800FDCF3F /* Build configuration list for PBXNativeTarget "Actividad9iOSTests" */;
			buildPhases = (
				A91DE4742417DF1800FDCF3F /* Sources */,
				A91DE4752417DF1800FDCF3F /* Frameworks */,
				A91DE4762417DF1800FDCF3F /* Resources */,
			);
			buildRules = (
			);
			dependencies = (
				A91DE47A2417DF1800FDCF3F /* PBXTargetDependency */,
			);
			name = Actividad9iOSTests;
			productName = Actividad9iOSTests;
			productReference = A91DE4782417DF1800FDCF3F /* Actividad9iOSTests.xctest */;
			productType = "com.apple.product-type.bundle.unit-test";
		};
		A91DE4822417DF1800FDCF3F /* Actividad9iOSUITests */ = {
			isa = PBXNativeTarget;
			buildConfigurationList = A91DE4922417DF1800FDCF3F /* Build configuration list for PBXNativeTarget "Actividad9iOSUITests" */;
			buildPhases = (
				A91DE47F2417DF1800FDCF3F /* Sources */,
				A91DE4802417DF1800FDCF3F /* Frameworks */,
				A91DE4812417DF1800FDCF3F /* Resources */,
			);
			buildRules = (
			);
			dependencies = (
				A91DE4852417DF1800FDCF3F /* PBXTargetDependency */,
			);
			name = Actividad9iOSUITests;
			productName = Actividad9iOSUITests;
			productReference = A91DE4832417DF1800FDCF3F /* Actividad9iOSUITests.xctest */;
			productType = "com.apple.product-type.bundle.ui-testing";
		};
/* End PBXNativeTarget section */

/* Begin PBXProject section */
		A91DE45A2417DF1600FDCF3F /* Project object */ = {
			isa = PBXProject;
			attributes = {
				LastSwiftUpdateCheck = 1100;
				LastUpgradeCheck = 1100;
				ORGANIZATIONNAME = "Rolando Sumoza Rivas";
				TargetAttributes = {
					A91DE4612417DF1600FDCF3F = {
						CreatedOnToolsVersion = 11.0;
					};
					A91DE4772417DF1800FDCF3F = {
						CreatedOnToolsVersion = 11.0;
						TestTargetID = A91DE4612417DF1600FDCF3F;
					};
					A91DE4822417DF1800FDCF3F = {
						CreatedOnToolsVersion = 11.0;
						TestTargetID = A91DE4612417DF1600FDCF3F;
					};
				};
			};
			buildConfigurationList = A91DE45D2417DF1600FDCF3F /* Build configuration list for PBXProject "Actividad9iOS" */;
			compatibilityVersion = "Xcode 9.3";
			developmentRegion = en;
			hasScannedForEncodings = 0;
			knownRegions = (
				en,
				Base,
			);
			mainGroup = A91DE4592417DF1600FDCF3F;
			productRefGroup = A91DE4632417DF1600FDCF3F /* Products */;
			projectDirPath = "";
			projectRoot = "";
			targets = (
				A91DE4612417DF1600FDCF3F /* Actividad9iOS */,
				A91DE4772417DF1800FDCF3F /* Actividad9iOSTests */,
				A91DE4822417DF1800FDCF3F /* Actividad9iOSUITests */,
			);
		};
/* End PBXProject section */

/* Begin PBXResourcesBuildPhase section */
		A91DE4602417DF1600FDCF3F /* Resources */ = {
			isa = PBXResourcesBuildPhase;
			buildActionMask = 2147483647;
			files = (
				A91DE4722417DF1800FDCF3F /* LaunchScreen.storyboard in Resources */,
				A91DE46F2417DF1800FDCF3F /* Assets.xcassets in Resources */,
				A91DE46D2417DF1600FDCF3F /* Main.storyboard in Resources */,
			);
			runOnlyForDeploymentPostprocessing = 0;
		};
		A91DE4762417DF1800FDCF3F /* Resources */ = {
			isa = PBXResourcesBuildPhase;
			buildActionMask = 2147483647;
			files = (
			);
			runOnlyForDeploymentPostprocessing = 0;
		};
		A91DE4812417DF1800FDCF3F /* Resources */ = {
			isa = PBXResourcesBuildPhase;
			buildActionMask = 2147483647;
			files = (
			);
			runOnlyForDeploymentPostprocessing = 0;
		};
/* End PBXResourcesBuildPhase section */

/* Begin PBXSourcesBuildPhase section */
		A91DE45E2417DF1600FDCF3F /* Sources */ = {
			isa = PBXSourcesBuildPhase;
			buildActionMask = 2147483647;
			files = (
				A91DE46A2417DF1600FDCF3F /* ViewController.swift in Sources */,
				A91DE4662417DF1600FDCF3F /* AppDelegate.swift in Sources */,
				A91DE4682417DF1600FDCF3F /* SceneDelegate.swift in Sources */,
			);
			runOnlyForDeploymentPostprocessing = 0;
		};
		A91DE4742417DF1800FDCF3F /* Sources */ = {
			isa = PBXSourcesBuildPhase;
			buildActionMask = 2147483647;
			files = (
				A91DE47D2417DF1800FDCF3F /* Actividad9iOSTests.swift in Sources */,
			);
			runOnlyForDeploymentPostprocessing = 0;
		};
		A91DE47F2417DF1800FDCF3F /* Sources */ = {
			isa = PBXSourcesBuildPhase;
			buildActionMask = 2147483647;
			files = (
				A91DE4882417DF1800FDCF3F /* Actividad9iOSUITests.swift in Sources */,
			);
			runOnlyForDeploymentPostprocessing = 0;
		};
/* End PBXSourcesBuildPhase section */

/* Begin PBXTargetDependency section */
		A91DE47A2417DF1800FDCF3F /* PBXTargetDependency */ = {
			isa = PBXTargetDependency;
			target = A91DE4612417DF1600FDCF3F /* Actividad9iOS */;
			targetProxy = A91DE4792417DF1800FDCF3F /* PBXContainerItemProxy */;
		};
		A91DE4852417DF1800FDCF3F /* PBXTargetDependency */ = {
			isa = PBXTargetDependency;
			target = A91DE4612417DF1600FDCF3F /* Actividad9iOS */;
			targetProxy = A91DE4842417DF1800FDCF3F /* PBXContainerItemProxy */;
		};
/* End PBXTargetDependency section */

/* Begin PBXVariantGroup section */
		A91DE46B2417DF1600FDCF3F /* Main.storyboard */ = {
			isa = PBXVariantGroup;
			children = (
				A91DE46C2417DF1600FDCF3F /* Base */,
			);
			name = Main.storyboard;
			sourceTree = "<group>";
		};
		A91DE4702417DF1800FDCF3F /* LaunchScreen.storyboard */ = {
			isa = PBXVariantGroup;
			children = (
				A91DE4712417DF1800FDCF3F /* Base */,
			);
			name = LaunchScreen.storyboard;
			sourceTree = "<group>";
		};
/* End PBXVariantGroup section */

/* Begin XCBuildConfiguration section */
		A91DE48A2417DF1800FDCF3F /* Debug */ = {
			isa = XCBuildConfiguration;
			buildSettings = {
				ALWAYS_SEARCH_USER_PATHS = NO;
				CLANG_ANALYZER_NONNULL = YES;
				CLANG_ANALYZER_NUMBER_OBJECT_CONVERSION = YES_AGGRESSIVE;
				CLANG_CXX_LANGUAGE_STANDARD = "gnu++14";
				CLANG_CXX_LIBRARY = "libc++";
				CLANG_ENABLE_MODULES = YES;
				CLANG_ENABLE_OBJC_ARC = YES;
				CLANG_ENABLE_OBJC_WEAK = YES;
				CLANG_WARN_BLOCK_CAPTURE_AUTORELEASING = YES;
				CLANG_WARN_BOOL_CONVERSION = YES;
				CLANG_WARN_COMMA = YES;
				CLANG_WARN_CONSTANT_CONVERSION = YES;
				CLANG_WARN_DEPRECATED_OBJC_IMPLEMENTATIONS = YES;
				CLANG_WARN_DIRECT_OBJC_ISA_USAGE = YES_ERROR;
				CLANG_WARN_DOCUMENTATION_COMMENTS = YES;
				CLANG_WARN_EMPTY_BODY = YES;
				CLANG_WARN_ENUM_CONVERSION = YES;
				CLANG_WARN_INFINITE_RECURSION = YES;
				CLANG_WARN_INT_CONVERSION = YES;
				CLANG_WARN_NON_LITERAL_NULL_CONVERSION = YES;
				CLANG_WARN_OBJC_IMPLICIT_RETAIN_SELF = YES;
				CLANG_WARN_OBJC_LITERAL_CONVERSION = YES;
				CLANG_WARN_OBJC_ROOT_CLASS = YES_ERROR;
				CLANG_WARN_RANGE_LOOP_ANALYSIS = YES;
				CLANG_WARN_STRICT_PROTOTYPES = YES;
				CLANG_WARN_SUSPICIOUS_MOVE = YES;
				CLANG_WARN_UNGUARDED_AVAILABILITY = YES_AGGRESSIVE;
				CLANG_WARN_UNREACHABLE_CODE = YES;
				CLANG_WARN__DUPLICATE_METHOD_MATCH = YES;
				COPY_PHASE_STRIP = NO;
				DEBUG_INFORMATION_FORMAT = dwarf;
				ENABLE_STRICT_OBJC_MSGSEND = YES;
				ENABLE_TESTABILITY = YES;
				GCC_C_LANGUAGE_STANDARD = gnu11;
				GCC_DYNAMIC_NO_PIC = NO;
				GCC_NO_COMMON_BLOCKS = YES;
				GCC_OPTIMIZATION_LEVEL = 0;
				GCC_PREPROCESSOR_DEFINITIONS = (
					"DEBUG=1",
					"$(inherited)",
				);
				GCC_WARN_64_TO_32_BIT_CONVERSION = YES;
				GCC_WARN_ABOUT_RETURN_TYPE = YES_ERROR;
				GCC_WARN_UNDECLARED_SELECTOR = YES;
				GCC_WARN_UNINITIALIZED_AUTOS = YES_AGGRESSIVE;
				GCC_WARN_UNUSED_FUNCTION = YES;
				GCC_WARN_UNUSED_VARIABLE = YES;
				IPHONEOS_DEPLOYMENT_TARGET = 13.0;
				MTL_ENABLE_DEBUG_INFO = INCLUDE_SOURCE;
				MTL_FAST_MATH = YES;
				ONLY_ACTIVE_ARCH = YES;
				SDKROOT = iphoneos;
				SWIFT_ACTIVE_COMPILATION_CONDITIONS = DEBUG;
				SWIFT_OPTIMIZATION_LEVEL = "-Onone";
			};
			name = Debug;
		};
		A91DE48B2417DF1800FDCF3F /* Release */ = {
			isa = XCBuildConfiguration;
			buildSettings = {
				ALWAYS_SEARCH_USER_PATHS = NO;
				CLANG_ANALYZER_NONNULL = YES;
				CLANG_ANALYZER_NUMBER_OBJECT_CONVERSION = YES_AGGRESSIVE;
				CLANG_CXX_LANGUAGE_STANDARD = "gnu++14";
				CLANG_CXX_LIBRARY = "libc++";
				CLANG_ENABLE_MODULES = YES;
				CLANG_ENABLE_OBJC_ARC = YES;
				CLANG_ENABLE_OBJC_WEAK = YES;
				CLANG_WARN_BLOCK_CAPTURE_AUTORELEASING = YES;
				CLANG_WARN_BOOL_CONVERSION = YES;
				CLANG_WARN_COMMA = YES;
				CLANG_WARN_CONSTANT_CONVERSION = YES;
				CLANG_WARN_DEPRECATED_OBJC_IMPLEMENTATIONS = YES;
				CLANG_WARN_DIRECT_OBJC_ISA_USAGE = YES_ERROR;
				CLANG_WARN_DOCUMENTATION_COMMENTS = YES;
				CLANG_WARN_EMPTY_BODY = YES;
				CLANG_WARN_ENUM_CONVERSION = YES;
				CLANG_WARN_INFINITE_RECURSION = YES;
				CLANG_WARN_INT_CONVERSION = YES;
				CLANG_WARN_NON_LITERAL_NULL_CONVERSION = YES;
				CLANG_WARN_OBJC_IMPLICIT_RETAIN_SELF = YES;
				CLANG_WARN_OBJC_LITERAL_CONVERSION = YES;
				CLANG_WARN_OBJC_ROOT_CLASS = YES_ERROR;
				CLANG_WARN_RANGE_LOOP_ANALYSIS = YES;
				CLANG_WARN_STRICT_PROTOTYPES = YES;
				CLANG_WARN_SUSPICIOUS_MOVE = YES;
				CLANG_WARN_UNGUARDED_AVAILABILITY = YES_AGGRESSIVE;
				CLANG_WARN_UNREACHABLE_CODE = YES;
				CLANG_WARN__DUPLICATE_METHOD_MATCH = YES;
				COPY_PHASE_STRIP = NO;
				DEBUG_INFORMATION_FORMAT = "dwarf-with-dsym";
				ENABLE_NS_ASSERTIONS = NO;
				ENABLE_STRICT_OBJC_MSGSEND = YES;
				GCC_C_LANGUAGE_STANDARD = gnu11;
				GCC_NO_COMMON_BLOCKS = YES;
				GCC_WARN_64_TO_32_BIT_CONVERSION = YES;
				GCC_WARN_ABOUT_RETURN_TYPE = YES_ERROR;
				GCC_WARN_UNDECLARED_SELECTOR = YES;
				GCC_WARN_UNINITIALIZED_AUTOS = YES_AGGRESSIVE;
				GCC_WARN_UNUSED_FUNCTION = YES;
				GCC_WARN_UNUSED_VARIABLE = YES;
				IPHONEOS_DEPLOYMENT_TARGET = 13.0;
				MTL_ENABLE_DEBUG_INFO = NO;
				MTL_FAST_MATH = YES;
				SDKROOT = iphoneos;
				SWIFT_COMPILATION_MODE = wholemodule;
				SWIFT_OPTIMIZATION_LEVEL = "-O";
				VALIDATE_PRODUCT = YES;
			};
			name = Release;
		};
		A91DE48D2417DF1800FDCF3F /* Debug */ = {
			isa = XCBuildConfiguration;
			buildSettings = {
				ASSETCATALOG_COMPILER_APPICON_NAME = AppIcon;
				CODE_SIGN_STYLE = Automatic;
				INFOPLIST_FILE = Actividad9iOS/Info.plist;
				LD_RUNPATH_SEARCH_PATHS = (
					"$(inherited)",
					"@executable_path/Frameworks",
				);
				PRODUCT_BUNDLE_IDENTIFIER = rssr.Actividad9iOS;
				PRODUCT_NAME = "$(TARGET_NAME)";
				SWIFT_VERSION = 5.0;
				TARGETED_DEVICE_FAMILY = "1,2";
			};
			name = Debug;
		};
		A91DE48E2417DF1800FDCF3F /* Release */ = {
			isa = XCBuildConfiguration;
			buildSettings = {
				ASSETCATALOG_COMPILER_APPICON_NAME = AppIcon;
				CODE_SIGN_STYLE = Automatic;
				INFOPLIST_FILE = Actividad9iOS/Info.plist;
				LD_RUNPATH_SEARCH_PATHS = (
					"$(inherited)",
					"@executable_path/Frameworks",
				);
				PRODUCT_BUNDLE_IDENTIFIER = rssr.Actividad9iOS;
				PRODUCT_NAME = "$(TARGET_NAME)";
				SWIFT_VERSION = 5.0;
				TARGETED_DEVICE_FAMILY = "1,2";
			};
			name = Release;
		};
		A91DE4902417DF1800FDCF3F /* Debug */ = {
			isa = XCBuildConfiguration;
			buildSettings = {
				ALWAYS_EMBED_SWIFT_STANDARD_LIBRARIES = YES;
				BUNDLE_LOADER = "$(TEST_HOST)";
				CODE_SIGN_STYLE = Automatic;
				INFOPLIST_FILE = Actividad9iOSTests/Info.plist;
				IPHONEOS_DEPLOYMENT_TARGET = 13.0;
				LD_RUNPATH_SEARCH_PATHS = (
					"$(inherited)",
					"@executable_path/Frameworks",
					"@loader_path/Frameworks",
				);
				PRODUCT_BUNDLE_IDENTIFIER = rssr.Actividad9iOSTests;
				PRODUCT_NAME = "$(TARGET_NAME)";
				SWIFT_VERSION = 5.0;
				TARGETED_DEVICE_FAMILY = "1,2";
				TEST_HOST = "$(BUILT_PRODUCTS_DIR)/Actividad9iOS.app/Actividad9iOS";
			};
			name = Debug;
		};
		A91DE4912417DF1800FDCF3F /* Release */ = {
			isa = XCBuildConfiguration;
			buildSettings = {
				ALWAYS_EMBED_SWIFT_STANDARD_LIBRARIES = YES;
				BUNDLE_LOADER = "$(TEST_HOST)";
				CODE_SIGN_STYLE = Automatic;
				INFOPLIST_FILE = Actividad9iOSTests/Info.plist;
				IPHONEOS_DEPLOYMENT_TARGET = 13.0;
				LD_RUNPATH_SEARCH_PATHS = (
					"$(inherited)",
					"@executable_path/Frameworks",
					"@loader_path/Frameworks",
				);
				PRODUCT_BUNDLE_IDENTIFIER = rssr.Actividad9iOSTests;
				PRODUCT_NAME = "$(TARGET_NAME)";
				SWIFT_VERSION = 5.0;
				TARGETED_DEVICE_FAMILY = "1,2";
				TEST_HOST = "$(BUILT_PRODUCTS_DIR)/Actividad9iOS.app/Actividad9iOS";
			};
			name = Release;
		};
		A91DE4932417DF1800FDCF3F /* Debug */ = {
			isa = XCBuildConfiguration;
			buildSettings = {
				ALWAYS_EMBED_SWIFT_STANDARD_LIBRARIES = YES;
				CODE_SIGN_STYLE = Automatic;
				INFOPLIST_FILE = Actividad9iOSUITests/Info.plist;
				LD_RUNPATH_SEARCH_PATHS = (
					"$(inherited)",
					"@executable_path/Frameworks",
					"@loader_path/Frameworks",
				);
				PRODUCT_BUNDLE_IDENTIFIER = rssr.Actividad9iOSUITests;
				PRODUCT_NAME = "$(TARGET_NAME)";
				SWIFT_VERSION = 5.0;
				TARGETED_DEVICE_FAMILY = "1,2";
				TEST_TARGET_NAME = Actividad9iOS;
			};
			name = Debug;
		};
		A91DE4942417DF1800FDCF3F /* Release */ = {
			isa = XCBuildConfiguration;
			buildSettings = {
				ALWAYS_EMBED_SWIFT_STANDARD_LIBRARIES = YES;
				CODE_SIGN_STYLE = Automatic;
				INFOPLIST_FILE = Actividad9iOSUITests/Info.plist;
				LD_RUNPATH_SEARCH_PATHS = (
					"$(inherited)",
					"@executable_path/Frameworks",
					"@loader_path/Frameworks",
				);
				PRODUCT_BUNDLE_IDENTIFIER = rssr.Actividad9iOSUITests;
				PRODUCT_NAME = "$(TARGET_NAME)";
				SWIFT_VERSION = 5.0;
				TARGETED_DEVICE_FAMILY = "1,2";
				TEST_TARGET_NAME = Actividad9iOS;
			};
			name = Release;
		};
/* End XCBuildConfiguration section */

/* Begin XCConfigurationList section */
		A91DE45D2417DF1600FDCF3F /* Build configuration list for PBXProject "Actividad9iOS" */ = {
			isa = XCConfigurationList;
			buildConfigurations = (
				A91DE48A2417DF1800FDCF3F /* Debug */,
				A91DE48B2417DF1800FDCF3F /* Release */,
			);
			defaultConfigurationIsVisible = 0;
			defaultConfigurationName = Release;
		};
		A91DE48C2417DF1800FDCF3F /* Build configuration list for PBXNativeTarget "Actividad9iOS" */ = {
			isa = XCConfigurationList;
			buildConfigurations = (
				A91DE48D2417DF1800FDCF3F /* Debug */,
				A91DE48E2417DF1800FDCF3F /* Release */,
			);
			defaultConfigurationIsVisible = 0;
			defaultConfigurationName = Release;
		};
		A91DE48F2417DF1800FDCF3F /* Build configuration list for PBXNativeTarget "Actividad9iOSTests" */ = {
			isa = XCConfigurationList;
			buildConfigurations = (
				A91DE4902417DF1800FDCF3F /* Debug */,
				A91DE4912417DF1800FDCF3F /* Release */,
			);
			defaultConfigurationIsVisible = 0;
			defaultConfigurationName = Release;
		};
		A91DE4922417DF1800FDCF3F /* Build configuration list for PBXNativeTarget "Actividad9iOSUITests" */ = {
			isa = XCConfigurationList;
			buildConfigurations = (
				A91DE4932417DF1800FDCF3F /* Debug */,
				A91DE4942417DF1800FDCF3F /* Release */,
			);
			defaultConfigurationIsVisible = 0;
			defaultConfigurationName = Release;
		};
/* End XCConfigurationList section */
	};
	rootObject = A91DE45A2417DF1600FDCF3F /* Project object */;
}
